
Microsoft Visual Studio Solution File, Format Version 12.00
# Visual Studio Version 17
VisualStudioVersion = 17.2.32616.157
MinimumVisualStudioVersion = 10.0.40219.1
Project("{FAE04EC0-301F-11D3-BF4B-00C04F79EFBC}") = "FullStackAPI", "FullStackAPI\FullStackAPI.csproj", "{AE74C0F0-65A6-46B1-979B-129770D38DDE}"
EndProject
Global
	GlobalSection(SolutionConfigurationPlatforms) = preSolution
		Debug|Any CPU = Debug|Any CPU
		Release|Any CPU = Release|Any CPU
	EndGlobalSection
	GlobalSection(ProjectConfigurationPlatforms) = postSolution
		{AE74C0F0-65A6-46B1-979B-129770D38DDE}.Debug|Any CPU.ActiveCfg = Debug|Any CPU
		{AE74C0F0-65A6-46B1-979B-129770D38DDE}.Debug|Any CPU.Build.0 = Debug|Any CPU
		{AE74C0F0-65A6-46B1-979B-129770D38DDE}.Release|Any CPU.ActiveCfg = Release|Any CPU
		{AE74C0F0-65A6-46B1-979B-129770D38DDE}.Release|Any CPU.Build.0 = Release|Any CPU
	EndGlobalSection
	GlobalSection(SolutionProperties) = preSolution
		HideSolutionNode = FALSE
	EndGlobalSection
	GlobalSection(ExtensibilityGlobals) = postSolution
		SolutionGuid = {F1FECD1C-1E32-49EA-8D03-2E13088662F3}
	EndGlobalSection
EndGlobal
